// !$*UTF8*$!
{
	archiveVersion = 1;
	classes = {
	};
	objectVersion = 46;
	objects = {

/* Begin PBXBuildFile section */
		C023143216E038C0006601D3 /* UIKit.framework in Frameworks */ = {isa = PBXBuildFile; fileRef = C023143116E038C0006601D3 /* UIKit.framework */; };
		C023143416E038C0006601D3 /* Foundation.framework in Frameworks */ = {isa = PBXBuildFile; fileRef = C023143316E038C0006601D3 /* Foundation.framework */; };
		C023143616E038C0006601D3 /* CoreGraphics.framework in Frameworks */ = {isa = PBXBuildFile; fileRef = C023143516E038C0006601D3 /* CoreGraphics.framework */; };
		C023145716E03905006601D3 /* CollapseClick.m in Sources */ = {isa = PBXBuildFile; fileRef = C023145616E03905006601D3 /* CollapseClick.m */; };
		C023145A16E039D2006601D3 /* CollapseClickCell.m in Sources */ = {isa = PBXBuildFile; fileRef = C023145916E039D2006601D3 /* CollapseClickCell.m */; };
		C023145C16E039E0006601D3 /* CollapseClickCell.xib in Resources */ = {isa = PBXBuildFile; fileRef = C023145B16E039DF006601D3 /* CollapseClickCell.xib */; };
		C0F970FA16F63A5B00AF5F1E /* CollapseClickArrow.m in Sources */ = {isa = PBXBuildFile; fileRef = C0F970F916F63A5A00AF5F1E /* CollapseClickArrow.m */; };
		C0F9710A16F67A4700AF5F1E /* AppDelegate.m in Sources */ = {isa = PBXBuildFile; fileRef = C0F9710016F67A4600AF5F1E /* AppDelegate.m */; };
		C0F9710B16F67A4700AF5F1E /* CollapseClick-Info.plist in Resources */ = {isa = PBXBuildFile; fileRef = C0F9710116F67A4600AF5F1E /* CollapseClick-Info.plist */; };
		C0F9710C16F67A4700AF5F1E /* Default-568h@2x.png in Resources */ = {isa = PBXBuildFile; fileRef = C0F9710316F67A4600AF5F1E /* Default-568h@2x.png */; };
		C0F9710D16F67A4700AF5F1E /* Default.png in Resources */ = {isa = PBXBuildFile; fileRef = C0F9710416F67A4600AF5F1E /* Default.png */; };
		C0F9710E16F67A4700AF5F1E /* Default@2x.png in Resources */ = {isa = PBXBuildFile; fileRef = C0F9710516F67A4600AF5F1E /* Default@2x.png */; };
		C0F9710F16F67A4700AF5F1E /* password-01.png in Resources */ = {isa = PBXBuildFile; fileRef = C0F9710616F67A4600AF5F1E /* password-01.png */; };
		C0F9711016F67A4700AF5F1E /* username-01.png in Resources */ = {isa = PBXBuildFile; fileRef = C0F9710716F67A4600AF5F1E /* username-01.png */; };
		C0F9711116F67A4700AF5F1E /* ViewController.m in Sources */ = {isa = PBXBuildFile; fileRef = C0F9710916F67A4600AF5F1E /* ViewController.m */; };
/* End PBXBuildFile section */

/* Begin PBXFileReference section */
		C023142D16E038C0006601D3 /* CollapseClick.app */ = {isa = PBXFileReference; explicitFileType = wrapper.application; includeInIndex = 0; path = CollapseClick.app; sourceTree = BUILT_PRODUCTS_DIR; };
		C023143116E038C0006601D3 /* UIKit.framework */ = {isa = PBXFileReference; lastKnownFileType = wrapper.framework; name = UIKit.framework; path = System/Library/Frameworks/UIKit.framework; sourceTree = SDKROOT; };
		C023143316E038C0006601D3 /* Foundation.framework */ = {isa = PBXFileReference; lastKnownFileType = wrapper.framework; name = Foundation.framework; path = System/Library/Frameworks/Foundation.framework; sourceTree = SDKROOT; };
		C023143516E038C0006601D3 /* CoreGraphics.framework */ = {isa = PBXFileReference; lastKnownFileType = wrapper.framework; name = CoreGraphics.framework; path = System/Library/Frameworks/CoreGraphics.framework; sourceTree = SDKROOT; };
		C023145516E03905006601D3 /* CollapseClick.h */ = {isa = PBXFileReference; fileEncoding = 4; lastKnownFileType = sourcecode.c.h; path = CollapseClick.h; sourceTree = "<group>"; };
		C023145616E03905006601D3 /* CollapseClick.m */ = {isa = PBXFileReference; fileEncoding = 4; lastKnownFileType = sourcecode.c.objc; path = CollapseClick.m; sourceTree = "<group>"; };
		C023145816E039D2006601D3 /* CollapseClickCell.h */ = {isa = PBXFileReference; fileEncoding = 4; lastKnownFileType = sourcecode.c.h; path = CollapseClickCell.h; sourceTree = "<group>"; };
		C023145916E039D2006601D3 /* CollapseClickCell.m */ = {isa = PBXFileReference; fileEncoding = 4; lastKnownFileType = sourcecode.c.objc; path = CollapseClickCell.m; sourceTree = "<group>"; };
		C023145B16E039DF006601D3 /* CollapseClickCell.xib */ = {isa = PBXFileReference; fileEncoding = 4; lastKnownFileType = file.xib; path = CollapseClickCell.xib; sourceTree = "<group>"; };
		C0F970F816F63A5A00AF5F1E /* CollapseClickArrow.h */ = {isa = PBXFileReference; fileEncoding = 4; lastKnownFileType = sourcecode.c.h; path = CollapseClickArrow.h; sourceTree = "<group>"; };
		C0F970F916F63A5A00AF5F1E /* CollapseClickArrow.m */ = {isa = PBXFileReference; fileEncoding = 4; lastKnownFileType = sourcecode.c.objc; path = CollapseClickArrow.m; sourceTree = "<group>"; };
		C0F970FF16F67A4600AF5F1E /* AppDelegate.h */ = {isa = PBXFileReference; fileEncoding = 4; lastKnownFileType = sourcecode.c.h; name = AppDelegate.h; path = CollapseClickDemo/AppDelegate.h; sourceTree = SOURCE_ROOT; };
		C0F9710016F67A4600AF5F1E /* AppDelegate.m */ = {isa = PBXFileReference; fileEncoding = 4; lastKnownFileType = sourcecode.c.objc; name = AppDelegate.m; path = CollapseClickDemo/AppDelegate.m; sourceTree = SOURCE_ROOT; };
		C0F9710116F67A4600AF5F1E /* CollapseClick-Info.plist */ = {isa = PBXFileReference; fileEncoding = 4; lastKnownFileType = text.plist.xml; name = "CollapseClick-Info.plist"; path = "CollapseClickDemo/CollapseClick-Info.plist"; sourceTree = SOURCE_ROOT; };
		C0F9710216F67A4600AF5F1E /* CollapseClick-Prefix.pch */ = {isa = PBXFileReference; fileEncoding = 4; lastKnownFileType = sourcecode.c.h; name = "CollapseClick-Prefix.pch"; path = "CollapseClickDemo/CollapseClick-Prefix.pch"; sourceTree = SOURCE_ROOT; };
		C0F9710316F67A4600AF5F1E /* Default-568h@2x.png */ = {isa = PBXFileReference; lastKnownFileType = image.png; name = "Default-568h@2x.png"; path = "CollapseClickDemo/Default-568h@2x.png"; sourceTree = SOURCE_ROOT; };
		C0F9710416F67A4600AF5F1E /* Default.png */ = {isa = PBXFileReference; lastKnownFileType = image.png; name = Default.png; path = CollapseClickDemo/Default.png; sourceTree = SOURCE_ROOT; };
		C0F9710516F67A4600AF5F1E /* Default@2x.png */ = {isa = PBXFileReference; lastKnownFileType = image.png; name = "Default@2x.png"; path = "CollapseClickDemo/Default@2x.png"; sourceTree = SOURCE_ROOT; };
		C0F9710616F67A4600AF5F1E /* password-01.png */ = {isa = PBXFileReference; lastKnownFileType = image.png; name = "password-01.png"; path = "CollapseClickDemo/password-01.png"; sourceTree = SOURCE_ROOT; };
		C0F9710716F67A4600AF5F1E /* username-01.png */ = {isa = PBXFileReference; lastKnownFileType = image.png; name = "username-01.png"; path = "CollapseClickDemo/username-01.png"; sourceTree = SOURCE_ROOT; };
		C0F9710816F67A4600AF5F1E /* ViewController.h */ = {isa = PBXFileReference; fileEncoding = 4; lastKnownFileType = sourcecode.c.h; name = ViewController.h; path = CollapseClickDemo/ViewController.h; sourceTree = SOURCE_ROOT; };
		C0F9710916F67A4600AF5F1E /* ViewController.m */ = {isa = PBXFileReference; fileEncoding = 4; lastKnownFileType = sourcecode.c.objc; name = ViewController.m; path = CollapseClickDemo/ViewController.m; sourceTree = SOURCE_ROOT; };
/* End PBXFileReference section */

/* Begin PBXFrameworksBuildPhase section */
		C023142A16E038C0006601D3 /* Frameworks */ = {
			isa = PBXFrameworksBuildPhase;
			buildActionMask = 2147483647;
			files = (
				C023143216E038C0006601D3 /* UIKit.framework in Frameworks */,
				C023143416E038C0006601D3 /* Foundation.framework in Frameworks */,
				C023143616E038C0006601D3 /* CoreGraphics.framework in Frameworks */,
			);
			runOnlyForDeploymentPostprocessing = 0;
		};
/* End PBXFrameworksBuildPhase section */

/* Begin PBXGroup section */
		C023142216E038C0006601D3 = {
			isa = PBXGroup;
			children = (
				C023143716E038C0006601D3 /* CollapseClick */,
				C023143016E038C0006601D3 /* Frameworks */,
				C023142E16E038C0006601D3 /* Products */,
			);
			sourceTree = "<group>";
		};
		C023142E16E038C0006601D3 /* Products */ = {
			isa = PBXGroup;
			children = (
				C023142D16E038C0006601D3 /* CollapseClick.app */,
			);
			name = Products;
			sourceTree = "<group>";
		};
		C023143016E038C0006601D3 /* Frameworks */ = {
			isa = PBXGroup;
			children = (
				C023143116E038C0006601D3 /* UIKit.framework */,
				C023143316E038C0006601D3 /* Foundation.framework */,
				C023143516E038C0006601D3 /* CoreGraphics.framework */,
			);
			name = Frameworks;
			sourceTree = "<group>";
		};
		C023143716E038C0006601D3 /* CollapseClick */ = {
			isa = PBXGroup;
			children = (
				C023145416E038D3006601D3 /* CollapseClick Components */,
				C0F970FF16F67A4600AF5F1E /* AppDelegate.h */,
				C0F9710016F67A4600AF5F1E /* AppDelegate.m */,
				C0F9710816F67A4600AF5F1E /* ViewController.h */,
				C0F9710916F67A4600AF5F1E /* ViewController.m */,
				C023143816E038C0006601D3 /* Supporting Files */,
			);
			path = CollapseClick;
			sourceTree = "<group>";
		};
		C023143816E038C0006601D3 /* Supporting Files */ = {
			isa = PBXGroup;
			children = (
				C0F9710116F67A4600AF5F1E /* CollapseClick-Info.plist */,
				C0F9710216F67A4600AF5F1E /* CollapseClick-Prefix.pch */,
				C0F9710316F67A4600AF5F1E /* Default-568h@2x.png */,
				C0F9710416F67A4600AF5F1E /* Default.png */,
				C0F9710516F67A4600AF5F1E /* Default@2x.png */,
				C0F9710616F67A4600AF5F1E /* password-01.png */,
				C0F9710716F67A4600AF5F1E /* username-01.png */,
			);
			name = "Supporting Files";
			sourceTree = "<group>";
		};
		C023145416E038D3006601D3 /* CollapseClick Components */ = {
			isa = PBXGroup;
			children = (
				C023145516E03905006601D3 /* CollapseClick.h */,
				C023145616E03905006601D3 /* CollapseClick.m */,
				C023145816E039D2006601D3 /* CollapseClickCell.h */,
				C023145916E039D2006601D3 /* CollapseClickCell.m */,
				C023145B16E039DF006601D3 /* CollapseClickCell.xib */,
				C0F970F816F63A5A00AF5F1E /* CollapseClickArrow.h */,
				C0F970F916F63A5A00AF5F1E /* CollapseClickArrow.m */,
			);
			name = "CollapseClick Components";
			sourceTree = "<group>";
		};
/* End PBXGroup section */

/* Begin PBXNativeTarget section */
		C023142C16E038C0006601D3 /* CollapseClick */ = {
			isa = PBXNativeTarget;
			buildConfigurationList = C023145116E038C1006601D3 /* Build configuration list for PBXNativeTarget "CollapseClick" */;
			buildPhases = (
				C023142916E038C0006601D3 /* Sources */,
				C023142A16E038C0006601D3 /* Frameworks */,
				C023142B16E038C0006601D3 /* Resources */,
			);
			buildRules = (
			);
			dependencies = (
			);
			name = CollapseClick;
			productName = CollapseClick;
			productReference = C023142D16E038C0006601D3 /* CollapseClick.app */;
			productType = "com.apple.product-type.application";
		};
/* End PBXNativeTarget section */

/* Begin PBXProject section */
		C023142416E038C0006601D3 /* Project object */ = {
			isa = PBXProject;
			attributes = {
				LastUpgradeCheck = 0450;
				ORGANIZATIONNAME = "Ben Gordon";
			};
			buildConfigurationList = C023142716E038C0006601D3 /* Build configuration list for PBXProject "CollapseClickDemo" */;
			compatibilityVersion = "Xcode 3.2";
			developmentRegion = English;
			hasScannedForEncodings = 0;
			knownRegions = (
				en,
			);
			mainGroup = C023142216E038C0006601D3;
			productRefGroup = C023142E16E038C0006601D3 /* Products */;
			projectDirPath = "";
			projectRoot = "";
			targets = (
				C023142C16E038C0006601D3 /* CollapseClick */,
			);
		};
/* End PBXProject section */

/* Begin PBXResourcesBuildPhase section */
		C023142B16E038C0006601D3 /* Resources */ = {
			isa = PBXResourcesBuildPhase;
			buildActionMask = 2147483647;
			files = (
				C023145C16E039E0006601D3 /* CollapseClickCell.xib in Resources */,
				C0F9710B16F67A4700AF5F1E /* CollapseClick-Info.plist in Resources */,
				C0F9710C16F67A4700AF5F1E /* Default-568h@2x.png in Resources */,
				C0F9710D16F67A4700AF5F1E /* Default.png in Resources */,
				C0F9710E16F67A4700AF5F1E /* Default@2x.png in Resources */,
				C0F9710F16F67A4700AF5F1E /* password-01.png in Resources */,
				C0F9711016F67A4700AF5F1E /* username-01.png in Resources */,
			);
			runOnlyForDeploymentPostprocessing = 0;
		};
/* End PBXResourcesBuildPhase section */

/* Begin PBXSourcesBuildPhase section */
		C023142916E038C0006601D3 /* Sources */ = {
			isa = PBXSourcesBuildPhase;
			buildActionMask = 2147483647;
			files = (
				C023145716E03905006601D3 /* CollapseClick.m in Sources */,
				C023145A16E039D2006601D3 /* CollapseClickCell.m in Sources */,
				C0F970FA16F63A5B00AF5F1E /* CollapseClickArrow.m in Sources */,
				C0F9710A16F67A4700AF5F1E /* AppDelegate.m in Sources */,
				C0F9711116F67A4700AF5F1E /* ViewController.m in Sources */,
			);
			runOnlyForDeploymentPostprocessing = 0;
		};
/* End PBXSourcesBuildPhase section */

/* Begin XCBuildConfiguration section */
		C023144F16E038C1006601D3 /* Debug */ = {
			isa = XCBuildConfiguration;
			buildSettings = {
				ALWAYS_SEARCH_USER_PATHS = NO;
				CLANG_CXX_LANGUAGE_STANDARD = "gnu++0x";
				CLANG_CXX_LIBRARY = "libc++";
				CLANG_ENABLE_OBJC_ARC = YES;
				CLANG_WARN_EMPTY_BODY = YES;
				CLANG_WARN__DUPLICATE_METHOD_MATCH = YES;
				"CODE_SIGN_IDENTITY[sdk=iphoneos*]" = "iPhone Developer";
				COPY_PHASE_STRIP = NO;
				GCC_C_LANGUAGE_STANDARD = gnu99;
				GCC_DYNAMIC_NO_PIC = NO;
				GCC_OPTIMIZATION_LEVEL = 0;
				GCC_PREPROCESSOR_DEFINITIONS = (
					"DEBUG=1",
					"$(inherited)",
				);
				GCC_SYMBOLS_PRIVATE_EXTERN = NO;
				GCC_WARN_ABOUT_RETURN_TYPE = YES;
				GCC_WARN_UNINITIALIZED_AUTOS = YES;
				GCC_WARN_UNUSED_VARIABLE = YES;
				IPHONEOS_DEPLOYMENT_TARGET = 6.0;
				SDKROOT = iphoneos;
			};
			name = Debug;
		};
		C023145016E038C1006601D3 /* Release */ = {
			isa = XCBuildConfiguration;
			buildSettings = {
				ALWAYS_SEARCH_USER_PATHS = NO;
				CLANG_CXX_LANGUAGE_STANDARD = "gnu++0x";
				CLANG_CXX_LIBRARY = "libc++";
				CLANG_ENABLE_OBJC_ARC = YES;
				CLANG_WARN_EMPTY_BODY = YES;
				CLANG_WARN__DUPLICATE_METHOD_MATCH = YES;
				"CODE_SIGN_IDENTITY[sdk=iphoneos*]" = "iPhone Developer";
				COPY_PHASE_STRIP = YES;
				GCC_C_LANGUAGE_STANDARD = gnu99;
				GCC_WARN_ABOUT_RETURN_TYPE = YES;
				GCC_WARN_UNINITIALIZED_AUTOS = YES;
				GCC_WARN_UNUSED_VARIABLE = YES;
				IPHONEOS_DEPLOYMENT_TARGET = 6.0;
				OTHER_CFLAGS = "-DNS_BLOCK_ASSERTIONS=1";
				SDKROOT = iphoneos;
				VALIDATE_PRODUCT = YES;
			};
			name = Release;
		};
		C023145216E038C1006601D3 /* Debug */ = {
			isa = XCBuildConfiguration;
			buildSettings = {
				GCC_PRECOMPILE_PREFIX_HEADER = YES;
				GCC_PREFIX_HEADER = "CollapseClick/CollapseClick-Prefix.pch";
				INFOPLIST_FILE = "$(SRCROOT)/CollapseClickDemo/CollapseClick-Info.plist";
				PRODUCT_NAME = "$(TARGET_NAME)";
				WRAPPER_EXTENSION = app;
			};
			name = Debug;
		};
		C023145316E038C1006601D3 /* Release */ = {
			isa = XCBuildConfiguration;
			buildSettings = {
				GCC_PRECOMPILE_PREFIX_HEADER = YES;
				GCC_PREFIX_HEADER = "CollapseClick/CollapseClick-Prefix.pch";
				INFOPLIST_FILE = "$(SRCROOT)/CollapseClickDemo/CollapseClick-Info.plist";
				PRODUCT_NAME = "$(TARGET_NAME)";
				WRAPPER_EXTENSION = app;
			};
			name = Release;
		};
/* End XCBuildConfiguration section */

/* Begin XCConfigurationList section */
		C023142716E038C0006601D3 /* Build configuration list for PBXProject "CollapseClickDemo" */ = {
			isa = XCConfigurationList;
			buildConfigurations = (
				C023144F16E038C1006601D3 /* Debug */,
				C023145016E038C1006601D3 /* Release */,
			);
			defaultConfigurationIsVisible = 0;
			defaultConfigurationName = Release;
		};
		C023145116E038C1006601D3 /* Build configuration list for PBXNativeTarget "CollapseClick" */ = {
			isa = XCConfigurationList;
			buildConfigurations = (
				C023145216E038C1006601D3 /* Debug */,
				C023145316E038C1006601D3 /* Release */,
			);
			defaultConfigurationIsVisible = 0;
			defaultConfigurationName = Release;
		};
/* End XCConfigurationList section */
	};
	rootObject = C023142416E038C0006601D3 /* Project object */;
}
